// !$*UTF8*$!
{
	archiveVersion = 1;
	classes = {
	};
	objectVersion = 46;
	objects = {

/* Begin PBXBuildFile section */
		A7117C451E9CDBCE00F8FEEB /* main.m in Sources */ = {isa = PBXBuildFile; fileRef = A7117C441E9CDBCE00F8FEEB /* main.m */; };
		A7117C481E9CDBCE00F8FEEB /* AppDelegate.m in Sources */ = {isa = PBXBuildFile; fileRef = A7117C471E9CDBCE00F8FEEB /* AppDelegate.m */; };
		A7117C4B1E9CDBCE00F8FEEB /* LYDemoLineChartViewController.m in Sources */ = {isa = PBXBuildFile; fileRef = A7117C4A1E9CDBCE00F8FEEB /* LYDemoLineChartViewController.m */; };
		A7117C501E9CDBCE00F8FEEB /* Assets.xcassets in Resources */ = {isa = PBXBuildFile; fileRef = A7117C4F1E9CDBCE00F8FEEB /* Assets.xcassets */; };
		A7117C531E9CDBCE00F8FEEB /* LaunchScreen.storyboard in Resources */ = {isa = PBXBuildFile; fileRef = A7117C511E9CDBCE00F8FEEB /* LaunchScreen.storyboard */; };
		A715E0EC20C7CD5B000BCC58 /* LYFillChartView.m in Sources */ = {isa = PBXBuildFile; fileRef = A715E0EB20C7CD5B000BCC58 /* LYFillChartView.m */; };
		A715E0EF20C80BF2000BCC58 /* LYDemoFillChartView.m in Sources */ = {isa = PBXBuildFile; fileRef = A715E0EE20C80BF2000BCC58 /* LYDemoFillChartView.m */; };
		A715E0F220C80C57000BCC58 /* LYDemoFillChartViewViewController.m in Sources */ = {isa = PBXBuildFile; fileRef = A715E0F120C80C57000BCC58 /* LYDemoFillChartViewViewController.m */; };
		A715E0F520C81198000BCC58 /* LYTitlePoint.m in Sources */ = {isa = PBXBuildFile; fileRef = A715E0F420C81198000BCC58 /* LYTitlePoint.m */; };
		A715E0FE20C81A11000BCC58 /* LYPieChartView.m in Sources */ = {isa = PBXBuildFile; fileRef = A715E0FD20C81A11000BCC58 /* LYPieChartView.m */; };
		A715E10120C82111000BCC58 /* LYPieModel.m in Sources */ = {isa = PBXBuildFile; fileRef = A715E10020C82111000BCC58 /* LYPieModel.m */; };
		A7355CFC1F6144A2000F5382 /* LYDemoLineChartView.m in Sources */ = {isa = PBXBuildFile; fileRef = A7355CFB1F6144A2000F5382 /* LYDemoLineChartView.m */; };
		A742C485205784460056CE25 /* LYTrendView.m in Sources */ = {isa = PBXBuildFile; fileRef = A742C47A205784460056CE25 /* LYTrendView.m */; };
		A742C486205784460056CE25 /* LYColumnView.m in Sources */ = {isa = PBXBuildFile; fileRef = A742C47B205784460056CE25 /* LYColumnView.m */; };
		A742C487205784460056CE25 /* LYLineChartView.m in Sources */ = {isa = PBXBuildFile; fileRef = A742C47E205784460056CE25 /* LYLineChartView.m */; };
		A742C488205784460056CE25 /* LYTendMath.c in Sources */ = {isa = PBXBuildFile; fileRef = A742C47F205784460056CE25 /* LYTendMath.c */; };
		A742C489205784460056CE25 /* LYTrendAnimateView.m in Sources */ = {isa = PBXBuildFile; fileRef = A742C482205784460056CE25 /* LYTrendAnimateView.m */; };
		A742C48A205784460056CE25 /* UIBezierPath+SmoothLine.m in Sources */ = {isa = PBXBuildFile; fileRef = A742C483205784460056CE25 /* UIBezierPath+SmoothLine.m */; };
		A742C48B205784460056CE25 /* NSString+LYSize.m in Sources */ = {isa = PBXBuildFile; fileRef = A742C484205784460056CE25 /* NSString+LYSize.m */; };
		A75CC9332057D432007C386A /* LYDemoMainTableViewController.m in Sources */ = {isa = PBXBuildFile; fileRef = A75CC9322057D432007C386A /* LYDemoMainTableViewController.m */; };
		A75CC93A2057D97B007C386A /* LYDemoColumnViewController.m in Sources */ = {isa = PBXBuildFile; fileRef = A75CC9392057D97B007C386A /* LYDemoColumnViewController.m */; };
		A75CC93D2057DC7D007C386A /* LYDemoColumnView.m in Sources */ = {isa = PBXBuildFile; fileRef = A75CC93C2057DC7D007C386A /* LYDemoColumnView.m */; };
		A7E14FF11E9F692B005467B5 /* LYPoint.m in Sources */ = {isa = PBXBuildFile; fileRef = A7E14FF01E9F692B005467B5 /* LYPoint.m */; };
/* End PBXBuildFile section */

/* Begin PBXFileReference section */
		A7117C401E9CDBCE00F8FEEB /* LYTrendView.app */ = {isa = PBXFileReference; explicitFileType = wrapper.application; includeInIndex = 0; path = LYTrendView.app; sourceTree = BUILT_PRODUCTS_DIR; };
		A7117C441E9CDBCE00F8FEEB /* main.m */ = {isa = PBXFileReference; lastKnownFileType = sourcecode.c.objc; path = main.m; sourceTree = "<group>"; };
		A7117C461E9CDBCE00F8FEEB /* AppDelegate.h */ = {isa = PBXFileReference; lastKnownFileType = sourcecode.c.h; path = AppDelegate.h; sourceTree = "<group>"; };
		A7117C471E9CDBCE00F8FEEB /* AppDelegate.m */ = {isa = PBXFileReference; lastKnownFileType = sourcecode.c.objc; path = AppDelegate.m; sourceTree = "<group>"; };
		A7117C491E9CDBCE00F8FEEB /* LYDemoLineChartViewController.h */ = {isa = PBXFileReference; lastKnownFileType = sourcecode.c.h; path = LYDemoLineChartViewController.h; sourceTree = "<group>"; };
		A7117C4A1E9CDBCE00F8FEEB /* LYDemoLineChartViewController.m */ = {isa = PBXFileReference; lastKnownFileType = sourcecode.c.objc; path = LYDemoLineChartViewController.m; sourceTree = "<group>"; };
		A7117C4F1E9CDBCE00F8FEEB /* Assets.xcassets */ = {isa = PBXFileReference; lastKnownFileType = folder.assetcatalog; path = Assets.xcassets; sourceTree = "<group>"; };
		A7117C521E9CDBCE00F8FEEB /* Base */ = {isa = PBXFileReference; lastKnownFileType = file.storyboard; name = Base; path = Base.lproj/LaunchScreen.storyboard; sourceTree = "<group>"; };
		A7117C541E9CDBCE00F8FEEB /* Info.plist */ = {isa = PBXFileReference; lastKnownFileType = text.plist.xml; path = Info.plist; sourceTree = "<group>"; };
		A715E0EA20C7CD5B000BCC58 /* LYFillChartView.h */ = {isa = PBXFileReference; lastKnownFileType = sourcecode.c.h; path = LYFillChartView.h; sourceTree = "<group>"; };
		A715E0EB20C7CD5B000BCC58 /* LYFillChartView.m */ = {isa = PBXFileReference; lastKnownFileType = sourcecode.c.objc; path = LYFillChartView.m; sourceTree = "<group>"; };
		A715E0ED20C80BF2000BCC58 /* LYDemoFillChartView.h */ = {isa = PBXFileReference; lastKnownFileType = sourcecode.c.h; path = LYDemoFillChartView.h; sourceTree = "<group>"; };
		A715E0EE20C80BF2000BCC58 /* LYDemoFillChartView.m */ = {isa = PBXFileReference; lastKnownFileType = sourcecode.c.objc; path = LYDemoFillChartView.m; sourceTree = "<group>"; };
		A715E0F020C80C57000BCC58 /* LYDemoFillChartViewViewController.h */ = {isa = PBXFileReference; lastKnownFileType = sourcecode.c.h; path = LYDemoFillChartViewViewController.h; sourceTree = "<group>"; };
		A715E0F120C80C57000BCC58 /* LYDemoFillChartViewViewController.m */ = {isa = PBXFileReference; lastKnownFileType = sourcecode.c.objc; path = LYDemoFillChartViewViewController.m; sourceTree = "<group>"; };
		A715E0F320C81198000BCC58 /* LYTitlePoint.h */ = {isa = PBXFileReference; lastKnownFileType = sourcecode.c.h; path = LYTitlePoint.h; sourceTree = "<group>"; };
		A715E0F420C81198000BCC58 /* LYTitlePoint.m */ = {isa = PBXFileReference; lastKnownFileType = sourcecode.c.objc; path = LYTitlePoint.m; sourceTree = "<group>"; };
		A715E0FC20C81A11000BCC58 /* LYPieChartView.h */ = {isa = PBXFileReference; lastKnownFileType = sourcecode.c.h; path = LYPieChartView.h; sourceTree = "<group>"; };
		A715E0FD20C81A11000BCC58 /* LYPieChartView.m */ = {isa = PBXFileReference; lastKnownFileType = sourcecode.c.objc; path = LYPieChartView.m; sourceTree = "<group>"; };
		A715E0FF20C82111000BCC58 /* LYPieModel.h */ = {isa = PBXFileReference; lastKnownFileType = sourcecode.c.h; path = LYPieModel.h; sourceTree = "<group>"; };
		A715E10020C82111000BCC58 /* LYPieModel.m */ = {isa = PBXFileReference; lastKnownFileType = sourcecode.c.objc; path = LYPieModel.m; sourceTree = "<group>"; };
		A7355CFA1F6144A2000F5382 /* LYDemoLineChartView.h */ = {isa = PBXFileReference; fileEncoding = 4; lastKnownFileType = sourcecode.c.h; path = LYDemoLineChartView.h; sourceTree = "<group>"; };
		A7355CFB1F6144A2000F5382 /* LYDemoLineChartView.m */ = {isa = PBXFileReference; fileEncoding = 4; lastKnownFileType = sourcecode.c.objc; path = LYDemoLineChartView.m; sourceTree = "<group>"; };
		A742C477205784450056CE25 /* UIBezierPath+SmoothLine.h */ = {isa = PBXFileReference; fileEncoding = 4; lastKnownFileType = sourcecode.c.h; path = "UIBezierPath+SmoothLine.h"; sourceTree = "<group>"; };
		A742C478205784450056CE25 /* LYTrendView.h */ = {isa = PBXFileReference; fileEncoding = 4; lastKnownFileType = sourcecode.c.h; path = LYTrendView.h; sourceTree = "<group>"; };
		A742C479205784460056CE25 /* LYColumnView.h */ = {isa = PBXFileReference; fileEncoding = 4; lastKnownFileType = sourcecode.c.h; path = LYColumnView.h; sourceTree = "<group>"; };
		A742C47A205784460056CE25 /* LYTrendView.m */ = {isa = PBXFileReference; fileEncoding = 4; lastKnownFileType = sourcecode.c.objc; path = LYTrendView.m; sourceTree = "<group>"; };
		A742C47B205784460056CE25 /* LYColumnView.m */ = {isa = PBXFileReference; fileEncoding = 4; lastKnownFileType = sourcecode.c.objc; path = LYColumnView.m; sourceTree = "<group>"; };
		A742C47C205784460056CE25 /* LYTrendAnimateView.h */ = {isa = PBXFileReference; fileEncoding = 4; lastKnownFileType = sourcecode.c.h; path = LYTrendAnimateView.h; sourceTree = "<group>"; };
		A742C47D205784460056CE25 /* NSString+LYSize.h */ = {isa = PBXFileReference; fileEncoding = 4; lastKnownFileType = sourcecode.c.h; path = "NSString+LYSize.h"; sourceTree = "<group>"; };
		A742C47E205784460056CE25 /* LYLineChartView.m */ = {isa = PBXFileReference; fileEncoding = 4; lastKnownFileType = sourcecode.c.objc; path = LYLineChartView.m; sourceTree = "<group>"; };
		A742C47F205784460056CE25 /* LYTendMath.c */ = {isa = PBXFileReference; fileEncoding = 4; lastKnownFileType = sourcecode.c.c; path = LYTendMath.c; sourceTree = "<group>"; };
		A742C480205784460056CE25 /* LYLineChartView.h */ = {isa = PBXFileReference; fileEncoding = 4; lastKnownFileType = sourcecode.c.h; path = LYLineChartView.h; sourceTree = "<group>"; };
		A742C481205784460056CE25 /* LYTendMath.h */ = {isa = PBXFileReference; fileEncoding = 4; lastKnownFileType = sourcecode.c.h; path = LYTendMath.h; sourceTree = "<group>"; };
		A742C482205784460056CE25 /* LYTrendAnimateView.m */ = {isa = PBXFileReference; fileEncoding = 4; lastKnownFileType = sourcecode.c.objc; path = LYTrendAnimateView.m; sourceTree = "<group>"; };
		A742C483205784460056CE25 /* UIBezierPath+SmoothLine.m */ = {isa = PBXFileReference; fileEncoding = 4; lastKnownFileType = sourcecode.c.objc; path = "UIBezierPath+SmoothLine.m"; sourceTree = "<group>"; };
		A742C484205784460056CE25 /* NSString+LYSize.m */ = {isa = PBXFileReference; fileEncoding = 4; lastKnownFileType = sourcecode.c.objc; path = "NSString+LYSize.m"; sourceTree = "<group>"; };
		A75CC9312057D432007C386A /* LYDemoMainTableViewController.h */ = {isa = PBXFileReference; lastKnownFileType = sourcecode.c.h; path = LYDemoMainTableViewController.h; sourceTree = "<group>"; };
		A75CC9322057D432007C386A /* LYDemoMainTableViewController.m */ = {isa = PBXFileReference; lastKnownFileType = sourcecode.c.objc; path = LYDemoMainTableViewController.m; sourceTree = "<group>"; };
		A75CC9382057D97B007C386A /* LYDemoColumnViewController.h */ = {isa = PBXFileReference; lastKnownFileType = sourcecode.c.h; path = LYDemoColumnViewController.h; sourceTree = "<group>"; };
		A75CC9392057D97B007C386A /* LYDemoColumnViewController.m */ = {isa = PBXFileReference; lastKnownFileType = sourcecode.c.objc; path = LYDemoColumnViewController.m; sourceTree = "<group>"; };
		A75CC93B2057DC7D007C386A /* LYDemoColumnView.h */ = {isa = PBXFileReference; lastKnownFileType = sourcecode.c.h; path = LYDemoColumnView.h; sourceTree = "<group>"; };
		A75CC93C2057DC7D007C386A /* LYDemoColumnView.m */ = {isa = PBXFileReference; lastKnownFileType = sourcecode.c.objc; path = LYDemoColumnView.m; sourceTree = "<group>"; };
		A78D59B71E9DCA8F006FCF80 /* LYPoint.h */ = {isa = PBXFileReference; fileEncoding = 4; lastKnownFileType = sourcecode.c.h; path = LYPoint.h; sourceTree = "<group>"; };
		A7E14FF01E9F692B005467B5 /* LYPoint.m */ = {isa = PBXFileReference; fileEncoding = 4; lastKnownFileType = sourcecode.c.objc; path = LYPoint.m; sourceTree = "<group>"; };
/* End PBXFileReference section */

/* Begin PBXFrameworksBuildPhase section */
		A7117C3D1E9CDBCE00F8FEEB /* Frameworks */ = {
			isa = PBXFrameworksBuildPhase;
			buildActionMask = 2147483647;
			files = (
			);
			runOnlyForDeploymentPostprocessing = 0;
		};
/* End PBXFrameworksBuildPhase section */

/* Begin PBXGroup section */
		A7117C371E9CDBCE00F8FEEB = {
			isa = PBXGroup;
			children = (
				A7117C421E9CDBCE00F8FEEB /* LYTrendView */,
				A7117C411E9CDBCE00F8FEEB /* Products */,
			);
			sourceTree = "<group>";
		};
		A7117C411E9CDBCE00F8FEEB /* Products */ = {
			isa = PBXGroup;
			children = (
				A7117C401E9CDBCE00F8FEEB /* LYTrendView.app */,
			);
			name = Products;
			sourceTree = "<group>";
		};
		A7117C421E9CDBCE00F8FEEB /* LYTrendView */ = {
			isa = PBXGroup;
			children = (
				A742C4612057842C0056CE25 /* Classes */,
				A7B981372056754C0007F315 /* ChartViewDemo */,
				A7117C431E9CDBCE00F8FEEB /* Supporting Files */,
			);
			path = LYTrendView;
			sourceTree = "<group>";
		};
		A7117C431E9CDBCE00F8FEEB /* Supporting Files */ = {
			isa = PBXGroup;
			children = (
				A7117C461E9CDBCE00F8FEEB /* AppDelegate.h */,
				A7117C471E9CDBCE00F8FEEB /* AppDelegate.m */,
				A75CC9312057D432007C386A /* LYDemoMainTableViewController.h */,
				A75CC9322057D432007C386A /* LYDemoMainTableViewController.m */,
				A7117C4F1E9CDBCE00F8FEEB /* Assets.xcassets */,
				A7117C511E9CDBCE00F8FEEB /* LaunchScreen.storyboard */,
				A7117C541E9CDBCE00F8FEEB /* Info.plist */,
				A7117C441E9CDBCE00F8FEEB /* main.m */,
			);
			name = "Supporting Files";
			sourceTree = "<group>";
		};
		A715E0F620C81906000BCC58 /* Category */ = {
			isa = PBXGroup;
			children = (
				A742C47D205784460056CE25 /* NSString+LYSize.h */,
				A742C484205784460056CE25 /* NSString+LYSize.m */,
				A742C477205784450056CE25 /* UIBezierPath+SmoothLine.h */,
				A742C483205784460056CE25 /* UIBezierPath+SmoothLine.m */,
			);
			path = Category;
			sourceTree = "<group>";
		};
		A715E0F720C81944000BCC58 /* Other */ = {
			isa = PBXGroup;
			children = (
				A742C47F205784460056CE25 /* LYTendMath.c */,
				A742C481205784460056CE25 /* LYTendMath.h */,
			);
			path = Other;
			sourceTree = "<group>";
		};
		A715E0F820C81964000BCC58 /* BaseView */ = {
			isa = PBXGroup;
			children = (
				A742C47C205784460056CE25 /* LYTrendAnimateView.h */,
				A742C482205784460056CE25 /* LYTrendAnimateView.m */,
				A742C478205784450056CE25 /* LYTrendView.h */,
				A742C47A205784460056CE25 /* LYTrendView.m */,
			);
			path = BaseView;
			sourceTree = "<group>";
		};
		A715E0F920C81989000BCC58 /* LineChart */ = {
			isa = PBXGroup;
			children = (
				A742C480205784460056CE25 /* LYLineChartView.h */,
				A742C47E205784460056CE25 /* LYLineChartView.m */,
				A715E0EA20C7CD5B000BCC58 /* LYFillChartView.h */,
				A715E0EB20C7CD5B000BCC58 /* LYFillChartView.m */,
			);
			path = LineChart;
			sourceTree = "<group>";
		};
		A715E0FA20C819AB000BCC58 /* ColumnView */ = {
			isa = PBXGroup;
			children = (
				A742C479205784460056CE25 /* LYColumnView.h */,
				A742C47B205784460056CE25 /* LYColumnView.m */,
			);
			path = ColumnView;
			sourceTree = "<group>";
		};
		A715E0FB20C819C4000BCC58 /* PieChart */ = {
			isa = PBXGroup;
			children = (
				A715E0FC20C81A11000BCC58 /* LYPieChartView.h */,
				A715E0FD20C81A11000BCC58 /* LYPieChartView.m */,
				A715E0FF20C82111000BCC58 /* LYPieModel.h */,
				A715E10020C82111000BCC58 /* LYPieModel.m */,
			);
			path = PieChart;
			sourceTree = "<group>";
		};
		A742C4612057842C0056CE25 /* Classes */ = {
			isa = PBXGroup;
			children = (
				A715E0F820C81964000BCC58 /* BaseView */,
				A715E0FB20C819C4000BCC58 /* PieChart */,
				A715E0FA20C819AB000BCC58 /* ColumnView */,
				A715E0F920C81989000BCC58 /* LineChart */,
				A715E0F720C81944000BCC58 /* Other */,
				A715E0F620C81906000BCC58 /* Category */,
			);
			path = Classes;
			sourceTree = SOURCE_ROOT;
		};
		A75CC9342057D8DD007C386A /* Cotroller */ = {
			isa = PBXGroup;
			children = (
				A7117C491E9CDBCE00F8FEEB /* LYDemoLineChartViewController.h */,
				A7117C4A1E9CDBCE00F8FEEB /* LYDemoLineChartViewController.m */,
				A715E0F020C80C57000BCC58 /* LYDemoFillChartViewViewController.h */,
				A715E0F120C80C57000BCC58 /* LYDemoFillChartViewViewController.m */,
				A75CC9382057D97B007C386A /* LYDemoColumnViewController.h */,
				A75CC9392057D97B007C386A /* LYDemoColumnViewController.m */,
			);
			path = Cotroller;
			sourceTree = "<group>";
		};
		A75CC9362057D8F1007C386A /* View */ = {
			isa = PBXGroup;
			children = (
				A7355CFA1F6144A2000F5382 /* LYDemoLineChartView.h */,
				A7355CFB1F6144A2000F5382 /* LYDemoLineChartView.m */,
				A715E0ED20C80BF2000BCC58 /* LYDemoFillChartView.h */,
				A715E0EE20C80BF2000BCC58 /* LYDemoFillChartView.m */,
				A75CC93B2057DC7D007C386A /* LYDemoColumnView.h */,
				A75CC93C2057DC7D007C386A /* LYDemoColumnView.m */,
			);
			path = View;
			sourceTree = "<group>";
		};
		A75CC9372057D903007C386A /* Model */ = {
			isa = PBXGroup;
			children = (
				A78D59B71E9DCA8F006FCF80 /* LYPoint.h */,
				A7E14FF01E9F692B005467B5 /* LYPoint.m */,
				A715E0F320C81198000BCC58 /* LYTitlePoint.h */,
				A715E0F420C81198000BCC58 /* LYTitlePoint.m */,
			);
			path = Model;
			sourceTree = "<group>";
		};
		A7B981372056754C0007F315 /* ChartViewDemo */ = {
			isa = PBXGroup;
			children = (
				A75CC9342057D8DD007C386A /* Cotroller */,
				A75CC9372057D903007C386A /* Model */,
				A75CC9362057D8F1007C386A /* View */,
			);
			path = ChartViewDemo;
			sourceTree = "<group>";
		};
/* End PBXGroup section */

/* Begin PBXNativeTarget section */
		A7117C3F1E9CDBCE00F8FEEB /* LYTrendView */ = {
			isa = PBXNativeTarget;
			buildConfigurationList = A7117C571E9CDBCE00F8FEEB /* Build configuration list for PBXNativeTarget "LYTrendView" */;
			buildPhases = (
				A7117C3C1E9CDBCE00F8FEEB /* Sources */,
				A7117C3D1E9CDBCE00F8FEEB /* Frameworks */,
				A7117C3E1E9CDBCE00F8FEEB /* Resources */,
			);
			buildRules = (
			);
			dependencies = (
			);
			name = LYTrendView;
			productName = LYTrendView;
			productReference = A7117C401E9CDBCE00F8FEEB /* LYTrendView.app */;
			productType = "com.apple.product-type.application";
		};
/* End PBXNativeTarget section */

/* Begin PBXProject section */
		A7117C381E9CDBCE00F8FEEB /* Project object */ = {
			isa = PBXProject;
			attributes = {
				LastUpgradeCheck = 0920;
				ORGANIZATIONNAME = "Shangen Zhang";
				TargetAttributes = {
					A7117C3F1E9CDBCE00F8FEEB = {
						CreatedOnToolsVersion = 8.3;
						DevelopmentTeam = WZ22KTPCG8;
						ProvisioningStyle = Automatic;
					};
				};
			};
			buildConfigurationList = A7117C3B1E9CDBCE00F8FEEB /* Build configuration list for PBXProject "LYTrendView" */;
			compatibilityVersion = "Xcode 3.2";
			developmentRegion = English;
			hasScannedForEncodings = 0;
			knownRegions = (
				en,
				Base,
			);
			mainGroup = A7117C371E9CDBCE00F8FEEB;
			productRefGroup = A7117C411E9CDBCE00F8FEEB /* Products */;
			projectDirPath = "";
			projectRoot = "";
			targets = (
				A7117C3F1E9CDBCE00F8FEEB /* LYTrendView */,
			);
		};
/* End PBXProject section */

/* Begin PBXResourcesBuildPhase section */
		A7117C3E1E9CDBCE00F8FEEB /* Resources */ = {
			isa = PBXResourcesBuildPhase;
			buildActionMask = 2147483647;
			files = (
				A7117C531E9CDBCE00F8FEEB /* LaunchScreen.storyboard in Resources */,
				A7117C501E9CDBCE00F8FEEB /* Assets.xcassets in Resources */,
			);
			runOnlyForDeploymentPostprocessing = 0;
		};
/* End PBXResourcesBuildPhase section */

/* Begin PBXSourcesBuildPhase section */
		A7117C3C1E9CDBCE00F8FEEB /* Sources */ = {
			isa = PBXSourcesBuildPhase;
			buildActionMask = 2147483647;
			files = (
				A7117C4B1E9CDBCE00F8FEEB /* LYDemoLineChartViewController.m in Sources */,
				A7355CFC1F6144A2000F5382 /* LYDemoLineChartView.m in Sources */,
				A715E0EF20C80BF2000BCC58 /* LYDemoFillChartView.m in Sources */,
				A715E10120C82111000BCC58 /* LYPieModel.m in Sources */,
				A715E0FE20C81A11000BCC58 /* LYPieChartView.m in Sources */,
				A742C486205784460056CE25 /* LYColumnView.m in Sources */,
				A75CC93D2057DC7D007C386A /* LYDemoColumnView.m in Sources */,
				A742C48B205784460056CE25 /* NSString+LYSize.m in Sources */,
				A715E0EC20C7CD5B000BCC58 /* LYFillChartView.m in Sources */,
				A7117C481E9CDBCE00F8FEEB /* AppDelegate.m in Sources */,
				A742C488205784460056CE25 /* LYTendMath.c in Sources */,
				A742C48A205784460056CE25 /* UIBezierPath+SmoothLine.m in Sources */,
				A742C489205784460056CE25 /* LYTrendAnimateView.m in Sources */,
				A715E0F220C80C57000BCC58 /* LYDemoFillChartViewViewController.m in Sources */,
				A7E14FF11E9F692B005467B5 /* LYPoint.m in Sources */,
				A75CC9332057D432007C386A /* LYDemoMainTableViewController.m in Sources */,
				A7117C451E9CDBCE00F8FEEB /* main.m in Sources */,
				A75CC93A2057D97B007C386A /* LYDemoColumnViewController.m in Sources */,
				A715E0F520C81198000BCC58 /* LYTitlePoint.m in Sources */,
				A742C487205784460056CE25 /* LYLineChartView.m in Sources */,
				A742C485205784460056CE25 /* LYTrendView.m in Sources */,
			);
			runOnlyForDeploymentPostprocessing = 0;
		};
/* End PBXSourcesBuildPhase section */

/* Begin PBXVariantGroup section */
		A7117C511E9CDBCE00F8FEEB /* LaunchScreen.storyboard */ = {
			isa = PBXVariantGroup;
			children = (
				A7117C521E9CDBCE00F8FEEB /* Base */,
			);
			name = LaunchScreen.storyboard;
			sourceTree = "<group>";
		};
/* End PBXVariantGroup section */

/* Begin XCBuildConfiguration section */
		A7117C551E9CDBCE00F8FEEB /* Debug */ = {
			isa = XCBuildConfiguration;
			buildSettings = {
				ALWAYS_SEARCH_USER_PATHS = NO;
				CLANG_ANALYZER_NONNULL = YES;
				CLANG_ANALYZER_NUMBER_OBJECT_CONVERSION = YES_AGGRESSIVE;
				CLANG_CXX_LANGUAGE_STANDARD = "gnu++0x";
				CLANG_CXX_LIBRARY = "libc++";
				CLANG_ENABLE_MODULES = YES;
				CLANG_ENABLE_OBJC_ARC = YES;
				CLANG_WARN_BLOCK_CAPTURE_AUTORELEASING = YES;
				CLANG_WARN_BOOL_CONVERSION = YES;
				CLANG_WARN_COMMA = YES;
				CLANG_WARN_CONSTANT_CONVERSION = YES;
				CLANG_WARN_DIRECT_OBJC_ISA_USAGE = YES_ERROR;
				CLANG_WARN_DOCUMENTATION_COMMENTS = YES;
				CLANG_WARN_EMPTY_BODY = YES;
				CLANG_WARN_ENUM_CONVERSION = YES;
				CLANG_WARN_INFINITE_RECURSION = YES;
				CLANG_WARN_INT_CONVERSION = YES;
				CLANG_WARN_NON_LITERAL_NULL_CONVERSION = YES;
				CLANG_WARN_OBJC_LITERAL_CONVERSION = YES;
				CLANG_WARN_OBJC_ROOT_CLASS = YES_ERROR;
				CLANG_WARN_RANGE_LOOP_ANALYSIS = YES;
				CLANG_WARN_STRICT_PROTOTYPES = YES;
				CLANG_WARN_SUSPICIOUS_MOVE = YES;
				CLANG_WARN_UNREACHABLE_CODE = YES;
				CLANG_WARN__DUPLICATE_METHOD_MATCH = YES;
				"CODE_SIGN_IDENTITY[sdk=iphoneos*]" = "iPhone Developer";
				COPY_PHASE_STRIP = NO;
				DEBUG_INFORMATION_FORMAT = dwarf;
				ENABLE_STRICT_OBJC_MSGSEND = YES;
				ENABLE_TESTABILITY = YES;
				GCC_C_LANGUAGE_STANDARD = gnu99;
				GCC_DYNAMIC_NO_PIC = NO;
				GCC_NO_COMMON_BLOCKS = YES;
				GCC_OPTIMIZATION_LEVEL = 0;
				GCC_PREPROCESSOR_DEFINITIONS = (
					"DEBUG=1",
					"$(inherited)",
				);
				GCC_WARN_64_TO_32_BIT_CONVERSION = YES;
				GCC_WARN_ABOUT_RETURN_TYPE = YES_ERROR;
				GCC_WARN_UNDECLARED_SELECTOR = YES;
				GCC_WARN_UNINITIALIZED_AUTOS = YES_AGGRESSIVE;
				GCC_WARN_UNUSED_FUNCTION = YES;
				GCC_WARN_UNUSED_VARIABLE = YES;
				IPHONEOS_DEPLOYMENT_TARGET = 10.3;
				MTL_ENABLE_DEBUG_INFO = YES;
				ONLY_ACTIVE_ARCH = YES;
				SDKROOT = iphoneos;
				TARGETED_DEVICE_FAMILY = "1,2";
			};
			name = Debug;
		};
		A7117C561E9CDBCE00F8FEEB /* Release */ = {
			isa = XCBuildConfiguration;
			buildSettings = {
				ALWAYS_SEARCH_USER_PATHS = NO;
				CLANG_ANALYZER_NONNULL = YES;
				CLANG_ANALYZER_NUMBER_OBJECT_CONVERSION = YES_AGGRESSIVE;
				CLANG_CXX_LANGUAGE_STANDARD = "gnu++0x";
				CLANG_CXX_LIBRARY = "libc++";
				CLANG_ENABLE_MODULES = YES;
				CLANG_ENABLE_OBJC_ARC = YES;
				CLANG_WARN_BLOCK_CAPTURE_AUTORELEASING = YES;
				CLANG_WARN_BOOL_CONVERSION = YES;
				CLANG_WARN_COMMA = YES;
				CLANG_WARN_CONSTANT_CONVERSION = YES;
				CLANG_WARN_DIRECT_OBJC_ISA_USAGE = YES_ERROR;
				CLANG_WARN_DOCUMENTATION_COMMENTS = YES;
				CLANG_WARN_EMPTY_BODY = YES;
				CLANG_WARN_ENUM_CONVERSION = YES;
				CLANG_WARN_INFINITE_RECURSION = YES;
				CLANG_WARN_INT_CONVERSION = YES;
				CLANG_WARN_NON_LITERAL_NULL_CONVERSION = YES;
				CLANG_WARN_OBJC_LITERAL_CONVERSION = YES;
				CLANG_WARN_OBJC_ROOT_CLASS = YES_ERROR;
				CLANG_WARN_RANGE_LOOP_ANALYSIS = YES;
				CLANG_WARN_STRICT_PROTOTYPES = YES;
				CLANG_WARN_SUSPICIOUS_MOVE = YES;
				CLANG_WARN_UNREACHABLE_CODE = YES;
				CLANG_WARN__DUPLICATE_METHOD_MATCH = YES;
				"CODE_SIGN_IDENTITY[sdk=iphoneos*]" = "iPhone Developer";
				COPY_PHASE_STRIP = NO;
				DEBUG_INFORMATION_FORMAT = "dwarf-with-dsym";
				ENABLE_NS_ASSERTIONS = NO;
				ENABLE_STRICT_OBJC_MSGSEND = YES;
				GCC_C_LANGUAGE_STANDARD = gnu99;
				GCC_NO_COMMON_BLOCKS = YES;
				GCC_WARN_64_TO_32_BIT_CONVERSION = YES;
				GCC_WARN_ABOUT_RETURN_TYPE = YES_ERROR;
				GCC_WARN_UNDECLARED_SELECTOR = YES;
				GCC_WARN_UNINITIALIZED_AUTOS = YES_AGGRESSIVE;
				GCC_WARN_UNUSED_FUNCTION = YES;
				GCC_WARN_UNUSED_VARIABLE = YES;
				IPHONEOS_DEPLOYMENT_TARGET = 10.3;
				MTL_ENABLE_DEBUG_INFO = NO;
				SDKROOT = iphoneos;
				TARGETED_DEVICE_FAMILY = "1,2";
				VALIDATE_PRODUCT = YES;
			};
			name = Release;
		};
		A7117C581E9CDBCE00F8FEEB /* Debug */ = {
			isa = XCBuildConfiguration;
			buildSettings = {
				ASSETCATALOG_COMPILER_APPICON_NAME = AppIcon;
				DEVELOPMENT_TEAM = WZ22KTPCG8;
				INFOPLIST_FILE = LYTrendView/Info.plist;
				IPHONEOS_DEPLOYMENT_TARGET = 8.0;
				LD_RUNPATH_SEARCH_PATHS = "$(inherited) @executable_path/Frameworks";
				PRODUCT_BUNDLE_IDENTIFIER = com.hhly.LYTrendView;
				PRODUCT_NAME = "$(TARGET_NAME)";
			};
			name = Debug;
		};
		A7117C591E9CDBCE00F8FEEB /* Release */ = {
			isa = XCBuildConfiguration;
			buildSettings = {
				ASSETCATALOG_COMPILER_APPICON_NAME = AppIcon;
				DEVELOPMENT_TEAM = WZ22KTPCG8;
				INFOPLIST_FILE = LYTrendView/Info.plist;
				IPHONEOS_DEPLOYMENT_TARGET = 8.0;
				LD_RUNPATH_SEARCH_PATHS = "$(inherited) @executable_path/Frameworks";
				PRODUCT_BUNDLE_IDENTIFIER = com.hhly.LYTrendView;
				PRODUCT_NAME = "$(TARGET_NAME)";
			};
			name = Release;
		};
/* End XCBuildConfiguration section */

/* Begin XCConfigurationList section */
		A7117C3B1E9CDBCE00F8FEEB /* Build configuration list for PBXProject "LYTrendView" */ = {
			isa = XCConfigurationList;
			buildConfigurations = (
				A7117C551E9CDBCE00F8FEEB /* Debug */,
				A7117C561E9CDBCE00F8FEEB /* Release */,
			);
			defaultConfigurationIsVisible = 0;
			defaultConfigurationName = Release;
		};
		A7117C571E9CDBCE00F8FEEB /* Build configuration list for PBXNativeTarget "LYTrendView" */ = {
			isa = XCConfigurationList;
			buildConfigurations = (
				A7117C581E9CDBCE00F8FEEB /* Debug */,
				A7117C591E9CDBCE00F8FEEB /* Release */,
			);
			defaultConfigurationIsVisible = 0;
			defaultConfigurationName = Release;
		};
/* End XCConfigurationList section */
	};
	rootObject = A7117C381E9CDBCE00F8FEEB /* Project object */;
}
